
Microsoft Visual Studio Solution File, Format Version 12.00
# Visual Studio Version 16
VisualStudioVersion = 16.0.31911.196
MinimumVisualStudioVersion = 10.0.40219.1
Project("{8BC9CEB8-8B4A-11D0-8D11-00A0C91BC942}") = "Linear_Dynamic_List_w_Stack_1_3_5", "Linear_Dynamic_List_w_Stack_1_3_5\Linear_Dynamic_List_w_Stack_1_3_5.vcxproj", "{70A239F3-7CB1-4708-A68D-992A88DF9CC2}"
EndProject
Global
	GlobalSection(SolutionConfigurationPlatforms) = preSolution
		Debug|x64 = Debug|x64
		Debug|x86 = Debug|x86
		Release|x64 = Release|x64
		Release|x86 = Release|x86
	EndGlobalSection
	GlobalSection(ProjectConfigurationPlatforms) = postSolution
		{70A239F3-7CB1-4708-A68D-992A88DF9CC2}.Debug|x64.ActiveCfg = Debug|x64
		{70A239F3-7CB1-4708-A68D-992A88DF9CC2}.Debug|x64.Build.0 = Debug|x64
		{70A239F3-7CB1-4708-A68D-992A88DF9CC2}.Debug|x86.ActiveCfg = Debug|Win32
		{70A239F3-7CB1-4708-A68D-992A88DF9CC2}.Debug|x86.Build.0 = Debug|Win32
		{70A239F3-7CB1-4708-A68D-992A88DF9CC2}.Release|x64.ActiveCfg = Release|x64
		{70A239F3-7CB1-4708-A68D-992A88DF9CC2}.Release|x64.Build.0 = Release|x64
		{70A239F3-7CB1-4708-A68D-992A88DF9CC2}.Release|x86.ActiveCfg = Release|Win32
		{70A239F3-7CB1-4708-A68D-992A88DF9CC2}.Release|x86.Build.0 = Release|Win32
	EndGlobalSection
	GlobalSection(SolutionProperties) = preSolution
		HideSolutionNode = FALSE
	EndGlobalSection
	GlobalSection(ExtensibilityGlobals) = postSolution
		SolutionGuid = {02AAE862-69C2-49B7-AB4A-B3BE1EE49F67}
	EndGlobalSection
EndGlobal
